{
  "name": "loop-skills-database",
  "version": "1.0.0",
  "lockfileVersion": 3,
  "requires": true,
  "packages": {
    "": {
      "name": "loop-skills-database",
      "version": "1.0.0",
      "dependencies": {
        "better-sqlite3": "^11.7.0",
        "mongodb": "^6.12.0",
        "mysql2": "^3.12.0",
        "pg": "^8.13.0",
        "redis": "^4.7.0"
      }
    },
    "node_modules/@mongodb-js/saslprep": {
      "version": "1.4.6",
      "resolved": "https://registry.npmjs.org/@mongodb-js/saslprep/-/saslprep-1.4.6.tgz",
      "integrity": "sha512-y+x3H1xBZd38n10NZF/rEBlvDOOMQ6LKUTHqr8R9VkJ+mmQOYtJFxIlkkK8fZrtOiL6VixbOBWMbZGBdal3Z1g==",
      "license": "MIT",
      "dependencies": {
        "sparse-bitfield": "^3.0.3"
      }
    },
    "node_modules/@redis/bloom": {
      "version": "1.2.0",
      "resolved": "https://registry.npmjs.org/@redis/bloom/-/bloom-1.2.0.tgz",
      "integrity": "sha512-HG2DFjYKbpNmVXsa0keLHp/3leGJz1mjh09f2RLGGLQZzSHpkmZWuwJbAvo3QcRY8p80m5+ZdXZdYOSBLlp7Cg==",
      "license": "MIT",
      "peerDependencies": {
        "@redis/client": "^1.0.0"
      }
    },
    "node_modules/@redis/client": {
      "version": "1.6.1",
      "resolved": "https://registry.npmjs.org/@redis/client/-/client-1.6.1.tgz",
      "integrity": "sha512-/KCsg3xSlR+nCK8/8ZYSknYxvXHwubJrU82F3Lm1Fp6789VQ0/3RJKfsmRXjqfaTA++23CvC3hqmqe/2GEt6Kw==",
      "license": "MIT",
      "dependencies": {
        "cluster-key-slot": "1.1.2",
        "generic-pool": "3.9.0",
        "yallist": "4.0.0"
      },
      "engines": {
        "node": ">=14"
      }
    },
    "node_modules/@redis/graph": {
      "version": "1.1.1",
      "resolved": "https://registry.npmjs.org/@redis/graph/-/graph-1.1.1.tgz",
      "integrity": "sha512-FEMTcTHZozZciLRl6GiiIB4zGm5z5F3F6a6FZCyrfxdKOhFlGkiAqlexWMBzCi4DcRoyiOsuLfW+cjlGWyExOw==",
      "license": "MIT",
      "peerDependencies": {
        "@redis/client": "^1.0.0"
      }
    },
    "node_modules/@redis/json": {
      "version": "1.0.7",
      "resolved": "https://registry.npmjs.org/@redis/json/-/json-1.0.7.tgz",
      "integrity": "sha512-6UyXfjVaTBTJtKNG4/9Z8PSpKE6XgSyEb8iwaqDcy+uKrd/DGYHTWkUdnQDyzm727V7p21WUMhsqz5oy65kPcQ==",
      "license": "MIT",
      "peerDependencies": {
        "@redis/client": "^1.0.0"
      }
    },
    "node_modules/@redis/search": {
      "version": "1.2.0",
      "resolved": "https://registry.npmjs.org/@redis/search/-/search-1.2.0.tgz",
      "integrity": "sha512-tYoDBbtqOVigEDMAcTGsRlMycIIjwMCgD8eR2t0NANeQmgK/lvxNAvYyb6bZDD4frHRhIHkJu2TBRvB0ERkOmw==",
      "license": "MIT",
      "peerDependencies": {
        "@redis/client": "^1.0.0"
      }
    },
    "node_modules/@redis/time-series": {
      "version": "1.1.0",
      "resolved": "https://registry.npmjs.org/@redis/time-series/-/time-series-1.1.0.tgz",
      "integrity": "sha512-c1Q99M5ljsIuc4YdaCwfUEXsofakb9c8+Zse2qxTadu8TalLXuAESzLvFAvNVbkmSlvlzIQOLpBCmWI9wTOt+g==",
      "license": "MIT",
      "peerDependencies": {
        "@redis/client": "^1.0.0"
      }
    },
    "node_modules/@types/webidl-conversions": {
      "version": "7.0.3",
      "resolved": "https://registry.npmjs.org/@types/webidl-conversions/-/webidl-conversions-7.0.3.tgz",
      "integrity": "sha512-CiJJvcRtIgzadHCYXw7dqEnMNRjhGZlYK05Mj9OyktqV8uVT8fD2BFOB7S1uwBE3Kj2Z+4UyPmFw/Ixgw/LAlA==",
      "license": "MIT"
    },
    "node_modules/@types/whatwg-url": {
      "version": "11.0.5",
      "resolved": "https://registry.npmjs.org/@types/whatwg-url/-/whatwg-url-11.0.5.tgz",
      "integrity": "sha512-coYR071JRaHa+xoEvvYqvnIHaVqaYrLPbsufM9BF63HkwI5Lgmy2QR8Q5K/lYDYo5AK82wOvSOS0UsLTpTG7uQ==",
      "license": "MIT",
      "dependencies": {
        "@types/webidl-conversions": "*"
      }
    },
    "node_modules/aws-ssl-profiles": {
      "version": "1.1.2",
      "resolved": "https://registry.npmjs.org/aws-ssl-profiles/-/aws-ssl-profiles-1.1.2.tgz",
      "integrity": "sha512-NZKeq9AfyQvEeNlN0zSYAaWrmBffJh3IELMZfRpJVWgrpEbtEpnjvzqBPf+mxoI287JohRDoa+/nsfqqiZmF6g==",
      "license": "MIT",
      "engines": {
        "node": ">= 6.0.0"
      }
    },
    "node_modules/base64-js": {
      "version": "1.5.1",
      "resolved": "https://registry.npmjs.org/base64-js/-/base64-js-1.5.1.tgz",
      "integrity": "sha512-AKpaYlHn8t4SVbOHCy+b5+KKgvR4vrsD8vbvrbiQJps7fKDTkjkDry6ji0rUJjC0kzbNePLwzxq8iypo41qeWA==",
      "funding": [
        {
          "type": "github",
          "url": "https://github.com/sponsors/feross"
        },
        {
          "type": "patreon",
          "url": "https://www.patreon.com/feross"
        },
        {
          "type": "consulting",
          "url": "https://feross.org/support"
        }
      ],
      "license": "MIT"
    },
    "node_modules/better-sqlite3": {
      "version": "11.10.0",
      "resolved": "https://registry.npmjs.org/better-sqlite3/-/better-sqlite3-11.10.0.tgz",
      "integrity": "sha512-EwhOpyXiOEL/lKzHz9AW1msWFNzGc/z+LzeB3/jnFJpxu+th2yqvzsSWas1v9jgs9+xiXJcD5A8CJxAG2TaghQ==",
      "hasInstallScript": true,
      "license": "MIT",
      "dependencies": {
        "bindings": "^1.5.0",
        "prebuild-install": "^7.1.1"
      }
    },
    "node_modules/bindings": {
      "version": "1.5.0",
      "resolved": "https://registry.npmjs.org/bindings/-/bindings-1.5.0.tgz",
      "integrity": "sha512-p2q/t/mhvuOj/UeLlV6566GD/guowlr0hHxClI0W9m7MWYkL1F0hLo+0Aexs9HSPCtR1SXQ0TD3MMKrXZajbiQ==",
      "license": "MIT",
      "dependencies": {
        "file-uri-to-path": "1.0.0"
      }
    },
    "node_modules/bl": {
      "version": "4.1.0",
      "resolved": "https://registry.npmjs.org/bl/-/bl-4.1.0.tgz",
      "integrity": "sha512-1W07cM9gS6DcLperZfFSj+bWLtaPGSOHWhPiGzXmvVJbRLdG82sH/Kn8EtW1VqWVA54AKf2h5k5BbnIbwF3h6w==",
      "license": "MIT",
      "dependencies": {
        "buffer": "^5.5.0",
        "inherits": "^2.0.4",
        "readable-stream": "^3.4.0"
      }
    },
    "node_modules/bson": {
      "version": "6.10.4",
      "resolved": "https://registry.npmjs.org/bson/-/bson-6.10.4.tgz",
      "integrity": "sha512-WIsKqkSC0ABoBJuT1LEX+2HEvNmNKKgnTAyd0fL8qzK4SH2i9NXg+t08YtdZp/V9IZ33cxe3iV4yM0qg8lMQng==",
      "license": "Apache-2.0",
      "engines": {
        "node": ">=16.20.1"
      }
    },
    "node_modules/buffer": {
      "version": "5.7.1",
      "resolved": "https://registry.npmjs.org/buffer/-/buffer-5.7.1.tgz",
      "integrity": "sha512-EHcyIPBQ4BSGlvjB16k5KgAJ27CIsHY/2JBmCRReo48y9rQ3MaUzWX3KVlBa4U7MyX02HdVj0K7C3WaB3ju7FQ==",
      "funding": [
        {
          "type": "github",
          "url": "https://github.com/sponsors/feross"
        },
        {
          "type": "patreon",
          "url": "https://www.patreon.com/feross"
        },
        {
          "type": "consulting",
          "url": "https://feross.org/support"
        }
      ],
      "license": "MIT",
      "dependencies": {
        "base64-js": "^1.3.1",
        "ieee754": "^1.1.13"
      }
    },
    "node_modules/chownr": {
      "version": "1.1.4",
      "resolved": "https://registry.npmjs.org/chownr/-/chownr-1.1.4.tgz",
      "integrity": "sha512-jJ0bqzaylmJtVnNgzTeSOs8DPavpbYgEr/b0YL8/2GO3xJEhInFmhKMUnEJQjZumK7KXGFhUy89PrsJWlakBVg==",
      "license": "ISC"
    },
    "node_modules/cluster-key-slot": {
      "version": "1.1.2",
      "resolved": "https://registry.npmjs.org/cluster-key-slot/-/cluster-key-slot-1.1.2.tgz",
      "integrity": "sha512-RMr0FhtfXemyinomL4hrWcYJxmX6deFdCxpJzhDttxgO1+bcCnkk+9drydLVDmAMG7NE6aN/fl4F7ucU/90gAA==",
      "license": "Apache-2.0",
      "engines": {
        "node": ">=0.10.0"
      }
    },
    "node_modules/decompress-response": {
      "version": "6.0.0",
      "resolved": "https://registry.npmjs.org/decompress-response/-/decompress-response-6.0.0.tgz",
      "integrity": "sha512-aW35yZM6Bb/4oJlZncMH2LCoZtJXTRxES17vE3hoRiowU2kWHaJKFkSBDnDR+cm9J+9QhXmREyIfv0pji9ejCQ==",
      "license": "MIT",
      "dependencies": {
        "mimic-response": "^3.1.0"
      },
      "engines": {
        "node": ">=10"
      },
      "funding": {
        "url": "https://github.com/sponsors/sindresorhus"
      }
    },
    "node_modules/deep-extend": {
      "version": "0.6.0",
      "resolved": "https://registry.npmjs.org/deep-extend/-/deep-extend-0.6.0.tgz",
      "integrity": "sha512-LOHxIOaPYdHlJRtCQfDIVZtfw/ufM8+rVj649RIHzcm/vGwQRXFt6OPqIFWsm2XEMrNIEtWR64sY1LEKD2vAOA==",
      "license": "MIT",
      "engines": {
        "node": ">=4.0.0"
      }
    },
    "node_modules/denque": {
      "version": "2.1.0",
      "resolved": "https://registry.npmjs.org/denque/-/denque-2.1.0.tgz",
      "integrity": "sha512-HVQE3AAb/pxF8fQAoiqpvg9i3evqug3hoiwakOyZAwJm+6vZehbkYXZ0l4JxS+I3QxM97v5aaRNhj8v5oBhekw==",
      "license": "Apache-2.0",
      "engines": {
        "node": ">=0.10"
      }
    },
    "node_modules/detect-libc": {
      "version": "2.1.2",
      "resolved": "https://registry.npmjs.org/detect-libc/-/detect-libc-2.1.2.tgz",
      "integrity": "sha512-Btj2BOOO83o3WyH59e8MgXsxEQVcarkUOpEYrubB0urwnN10yQ364rsiByU11nZlqWYZm05i/of7io4mzihBtQ==",
      "license": "Apache-2.0",
      "engines": {
        "node": ">=8"
      }
    },
    "node_modules/end-of-stream": {
      "version": "1.4.5",
      "resolved": "https://registry.npmjs.org/end-of-stream/-/end-of-stream-1.4.5.tgz",
      "integrity": "sha512-ooEGc6HP26xXq/N+GCGOT0JKCLDGrq2bQUZrQ7gyrJiZANJ/8YDTxTpQBXGMn+WbIQXNVpyWymm7KYVICQnyOg==",
      "license": "MIT",
      "dependencies": {
        "once": "^1.4.0"
      }
    },
    "node_modules/expand-template": {
      "version": "2.0.3",
      "resolved": "https://registry.npmjs.org/expand-template/-/expand-template-2.0.3.tgz",
      "integrity": "sha512-XYfuKMvj4O35f/pOXLObndIRvyQ+/+6AhODh+OKWj9S9498pHHn/IMszH+gt0fBCRWMNfk1ZSp5x3AifmnI2vg==",
      "license": "(MIT OR WTFPL)",
      "engines": {
        "node": ">=6"
      }
    },
    "node_modules/file-uri-to-path": {
      "version": "1.0.0",
      "resolved": "https://registry.npmjs.org/file-uri-to-path/-/file-uri-to-path-1.0.0.tgz",
      "integrity": "sha512-0Zt+s3L7Vf1biwWZ29aARiVYLx7iMGnEUl9x33fbB/j3jR81u/O2LbqK+Bm1CDSNDKVtJ/YjwY7TUd5SkeLQLw==",
      "license": "MIT"
    },
    "node_modules/fs-constants": {
      "version": "1.0.0",
      "resolved": "https://registry.npmjs.org/fs-constants/-/fs-constants-1.0.0.tgz",
      "integrity": "sha512-y6OAwoSIf7FyjMIv94u+b5rdheZEjzR63GTyZJm5qh4Bi+2YgwLCcI/fPFZkL5PSixOt6ZNKm+w+Hfp/Bciwow==",
      "license": "MIT"
    },
    "node_modules/generate-function": {
      "version": "2.3.1",
      "resolved": "https://registry.npmjs.org/generate-function/-/generate-function-2.3.1.tgz",
      "integrity": "sha512-eeB5GfMNeevm/GRYq20ShmsaGcmI81kIX2K9XQx5miC8KdHaC6Jm0qQ8ZNeGOi7wYB8OsdxKs+Y2oVuTFuVwKQ==",
      "license": "MIT",
      "dependencies": {
        "is-property": "^1.0.2"
      }
    },
    "node_modules/generic-pool": {
      "version": "3.9.0",
      "resolved": "https://registry.npmjs.org/generic-pool/-/generic-pool-3.9.0.tgz",
      "integrity": "sha512-hymDOu5B53XvN4QT9dBmZxPX4CWhBPPLguTZ9MMFeFa/Kg0xWVfylOVNlJji/E7yTZWFd/q9GO5TxDLq156D7g==",
      "license": "MIT",
      "engines": {
        "node": ">= 4"
      }
    },
    "node_modules/github-from-package": {
      "version": "0.0.0",
      "resolved": "https://registry.npmjs.org/github-from-package/-/github-from-package-0.0.0.tgz",
      "integrity": "sha512-SyHy3T1v2NUXn29OsWdxmK6RwHD+vkj3v8en8AOBZ1wBQ/hCAQ5bAQTD02kW4W9tUp/3Qh6J8r9EvntiyCmOOw==",
      "license": "MIT"
    },
    "node_modules/iconv-lite": {
      "version": "0.7.2",
      "resolved": "https://registry.npmjs.org/iconv-lite/-/iconv-lite-0.7.2.tgz",
      "integrity": "sha512-im9DjEDQ55s9fL4EYzOAv0yMqmMBSZp6G0VvFyTMPKWxiSBHUj9NW/qqLmXUwXrrM7AvqSlTCfvqRb0cM8yYqw==",
      "license": "MIT",
      "dependencies": {
        "safer-buffer": ">= 2.1.2 < 3.0.0"
      },
      "engines": {
        "node": ">=0.10.0"
      },
      "funding": {
        "type": "opencollective",
        "url": "https://opencollective.com/express"
      }
    },
    "node_modules/ieee754": {
      "version": "1.2.1",
      "resolved": "https://registry.npmjs.org/ieee754/-/ieee754-1.2.1.tgz",
      "integrity": "sha512-dcyqhDvX1C46lXZcVqCpK+FtMRQVdIMN6/Df5js2zouUsqG7I6sFxitIC+7KYK29KdXOLHdu9zL4sFnoVQnqaA==",
      "funding": [
        {
          "type": "github",
          "url": "https://github.com/sponsors/feross"
        },
        {
          "type": "patreon",
          "url": "https://www.patreon.com/feross"
        },
        {
          "type": "consulting",
          "url": "https://feross.org/support"
        }
      ],
      "license": "BSD-3-Clause"
    },
    "node_modules/inherits": {
      "version": "2.0.4",
      "resolved": "https://registry.npmjs.org/inherits/-/inherits-2.0.4.tgz",
      "integrity": "sha512-k/vGaX4/Yla3WzyMCvTQOXYeIHvqOKtnqBduzTHpzpQZzAskKMhZ2K+EnBiSM9zGSoIFeMpXKxa4dYeZIQqewQ==",
      "license": "ISC"
    },
    "node_modules/ini": {
      "version": "1.3.8",
      "resolved": "https://registry.npmjs.org/ini/-/ini-1.3.8.tgz",
      "integrity": "sha512-JV/yugV2uzW5iMRSiZAyDtQd+nxtUnjeLt0acNdw98kKLrvuRVyB80tsREOE7yvGVgalhZ6RNXCmEHkUKBKxew==",
      "license": "ISC"
    },
    "node_modules/is-property": {
      "version": "1.0.2",
      "resolved": "https://registry.npmjs.org/is-property/-/is-property-1.0.2.tgz",
      "integrity": "sha512-Ks/IoX00TtClbGQr4TWXemAnktAQvYB7HzcCxDGqEZU6oCmb2INHuOoKxbtR+HFkmYWBKv/dOZtGRiAjDhj92g==",
      "license": "MIT"
    },
    "node_modules/long": {
      "version": "5.3.2",
      "resolved": "https://registry.npmjs.org/long/-/long-5.3.2.tgz",
      "integrity": "sha512-mNAgZ1GmyNhD7AuqnTG3/VQ26o760+ZYBPKjPvugO8+nLbYfX6TVpJPseBvopbdY+qpZ/lKUnmEc1LeZYS3QAA==",
      "license": "Apache-2.0"
    },
    "node_modules/lru.min": {
      "version": "1.1.4",
      "resolved": "https://registry.npmjs.org/lru.min/-/lru.min-1.1.4.tgz",
      "integrity": "sha512-DqC6n3QQ77zdFpCMASA1a3Jlb64Hv2N2DciFGkO/4L9+q/IpIAuRlKOvCXabtRW6cQf8usbmM6BE/TOPysCdIA==",
      "license": "MIT",
      "engines": {
        "bun": ">=1.0.0",
        "deno": ">=1.30.0",
        "node": ">=8.0.0"
      },
      "funding": {
        "type": "github",
        "url": "https://github.com/sponsors/wellwelwel"
      }
    },
    "node_modules/memory-pager": {
      "version": "1.5.0",
      "resolved": "https://registry.npmjs.org/memory-pager/-/memory-pager-1.5.0.tgz",
      "integrity": "sha512-ZS4Bp4r/Zoeq6+NLJpP+0Zzm0pR8whtGPf1XExKLJBAczGMnSi3It14OiNCStjQjM6NU1okjQGSxgEZN8eBYKg==",
      "license": "MIT"
    },
    "node_modules/mimic-response": {
      "version": "3.1.0",
      "resolved": "https://registry.npmjs.org/mimic-response/-/mimic-response-3.1.0.tgz",
      "integrity": "sha512-z0yWI+4FDrrweS8Zmt4Ej5HdJmky15+L2e6Wgn3+iK5fWzb6T3fhNFq2+MeTRb064c6Wr4N/wv0DzQTjNzHNGQ==",
      "license": "MIT",
      "engines": {
        "node": ">=10"
      },
      "funding": {
        "url": "https://github.com/sponsors/sindresorhus"
      }
    },
    "node_modules/minimist": {
      "version": "1.2.8",
      "resolved": "https://registry.npmjs.org/minimist/-/minimist-1.2.8.tgz",
      "integrity": "sha512-2yyAR8qBkN3YuheJanUpWC5U3bb5osDywNB8RzDVlDwDHbocAJveqqj1u8+SVD7jkWT4yvsHCpWqqWqAxb0zCA==",
      "license": "MIT",
      "funding": {
        "url": "https://github.com/sponsors/ljharb"
      }
    },
    "node_modules/mkdirp-classic": {
      "version": "0.5.3",
      "resolved": "https://registry.npmjs.org/mkdirp-classic/-/mkdirp-classic-0.5.3.tgz",
      "integrity": "sha512-gKLcREMhtuZRwRAfqP3RFW+TK4JqApVBtOIftVgjuABpAtpxhPGaDcfvbhNvD0B8iD1oUr/txX35NjcaY6Ns/A==",
      "license": "MIT"
    },
    "node_modules/mongodb": {
      "version": "6.21.0",
      "resolved": "https://registry.npmjs.org/mongodb/-/mongodb-6.21.0.tgz",
      "integrity": "sha512-URyb/VXMjJ4da46OeSXg+puO39XH9DeQpWCslifrRn9JWugy0D+DvvBvkm2WxmHe61O/H19JM66p1z7RHVkZ6A==",
      "license": "Apache-2.0",
      "dependencies": {
        "@mongodb-js/saslprep": "^1.3.0",
        "bson": "^6.10.4",
        "mongodb-connection-string-url": "^3.0.2"
      },
      "engines": {
        "node": ">=16.20.1"
      },
      "peerDependencies": {
        "@aws-sdk/credential-providers": "^3.188.0",
        "@mongodb-js/zstd": "^1.1.0 || ^2.0.0",
        "gcp-metadata": "^5.2.0",
        "kerberos": "^2.0.1",
        "mongodb-client-encryption": ">=6.0.0 <7",
        "snappy": "^7.3.2",
        "socks": "^2.7.1"
      },
      "peerDependenciesMeta": {
        "@aws-sdk/credential-providers": {
          "optional": true
        },
        "@mongodb-js/zstd": {
          "optional": true
        },
        "gcp-metadata": {
          "optional": true
        },
        "kerberos": {
          "optional": true
        },
        "mongodb-client-encryption": {
          "optional": true
        },
        "snappy": {
          "optional": true
        },
        "socks": {
          "optional": true
        }
      }
    },
    "node_modules/mongodb-connection-string-url": {
      "version": "3.0.2",
      "resolved": "https://registry.npmjs.org/mongodb-connection-string-url/-/mongodb-connection-string-url-3.0.2.tgz",
      "integrity": "sha512-rMO7CGo/9BFwyZABcKAWL8UJwH/Kc2x0g72uhDWzG48URRax5TCIcJ7Rc3RZqffZzO/Gwff/jyKwCU9TN8gehA==",
      "license": "Apache-2.0",
      "dependencies": {
        "@types/whatwg-url": "^11.0.2",
        "whatwg-url": "^14.1.0 || ^13.0.0"
      }
    },
    "node_modules/mysql2": {
      "version": "3.17.1",
      "resolved": "https://registry.npmjs.org/mysql2/-/mysql2-3.17.1.tgz",
      "integrity": "sha512-UzIzdVwPXPoZm+FaJ4lNsRt28HtUwt68gpLH7NP1oSjd91M5Qn1XJzbIsSRMRc5CV3pvktLNshmbaFfMYqPBhQ==",
      "license": "MIT",
      "dependencies": {
        "aws-ssl-profiles": "^1.1.2",
        "denque": "^2.1.0",
        "generate-function": "^2.3.1",
        "iconv-lite": "^0.7.2",
        "long": "^5.3.2",
        "lru.min": "^1.1.3",
        "named-placeholders": "^1.1.6",
        "seq-queue": "^0.0.5",
        "sql-escaper": "^1.3.2"
      },
      "engines": {
        "node": ">= 8.0"
      }
    },
    "node_modules/named-placeholders": {
      "version": "1.1.6",
      "resolved": "https://registry.npmjs.org/named-placeholders/-/named-placeholders-1.1.6.tgz",
      "integrity": "sha512-Tz09sEL2EEuv5fFowm419c1+a/jSMiBjI9gHxVLrVdbUkkNUUfjsVYs9pVZu5oCon/kmRh9TfLEObFtkVxmY0w==",
      "license": "MIT",
      "dependencies": {
        "lru.min": "^1.1.0"
      },
      "engines": {
        "node": ">=8.0.0"
      }
    },
    "node_modules/napi-build-utils": {
      "version": "2.0.0",
      "resolved": "https://registry.npmjs.org/napi-build-utils/-/napi-build-utils-2.0.0.tgz",
      "integrity": "sha512-GEbrYkbfF7MoNaoh2iGG84Mnf/WZfB0GdGEsM8wz7Expx/LlWf5U8t9nvJKXSp3qr5IsEbK04cBGhol/KwOsWA==",
      "license": "MIT"
    },
    "node_modules/node-abi": {
      "version": "3.87.0",
      "resolved": "https://registry.npmjs.org/node-abi/-/node-abi-3.87.0.tgz",
      "integrity": "sha512-+CGM1L1CgmtheLcBuleyYOn7NWPVu0s0EJH2C4puxgEZb9h8QpR9G2dBfZJOAUhi7VQxuBPMd0hiISWcTyiYyQ==",
      "license": "MIT",
      "dependencies": {
        "semver": "^7.3.5"
      },
      "engines": {
        "node": ">=10"
      }
    },
    "node_modules/once": {
      "version": "1.4.0",
      "resolved": "https://registry.npmjs.org/once/-/once-1.4.0.tgz",
      "integrity": "sha512-lNaJgI+2Q5URQBkccEKHTQOPaXdUxnZZElQTZY0MFUAuaEqe1E+Nyvgdz/aIyNi6Z9MzO5dv1H8n58/GELp3+w==",
      "license": "ISC",
      "dependencies": {
        "wrappy": "1"
      }
    },
    "node_modules/pg": {
      "version": "8.18.0",
      "resolved": "https://registry.npmjs.org/pg/-/pg-8.18.0.tgz",
      "integrity": "sha512-xqrUDL1b9MbkydY/s+VZ6v+xiMUmOUk7SS9d/1kpyQxoJ6U9AO1oIJyUWVZojbfe5Cc/oluutcgFG4L9RDP1iQ==",
      "license": "MIT",
      "dependencies": {
        "pg-connection-string": "^2.11.0",
        "pg-pool": "^3.11.0",
        "pg-protocol": "^1.11.0",
        "pg-types": "2.2.0",
        "pgpass": "1.0.5"
      },
      "engines": {
        "node": ">= 16.0.0"
      },
      "optionalDependencies": {
        "pg-cloudflare": "^1.3.0"
      },
      "peerDependencies": {
        "pg-native": ">=3.0.1"
      },
      "peerDependenciesMeta": {
        "pg-native": {
          "optional": true
        }
      }
    },
    "node_modules/pg-cloudflare": {
      "version": "1.3.0",
      "resolved": "https://registry.npmjs.org/pg-cloudflare/-/pg-cloudflare-1.3.0.tgz",
      "integrity": "sha512-6lswVVSztmHiRtD6I8hw4qP/nDm1EJbKMRhf3HCYaqud7frGysPv7FYJ5noZQdhQtN2xJnimfMtvQq21pdbzyQ==",
      "license": "MIT",
      "optional": true
    },
    "node_modules/pg-connection-string": {
      "version": "2.11.0",
      "resolved": "https://registry.npmjs.org/pg-connection-string/-/pg-connection-string-2.11.0.tgz",
      "integrity": "sha512-kecgoJwhOpxYU21rZjULrmrBJ698U2RxXofKVzOn5UDj61BPj/qMb7diYUR1nLScCDbrztQFl1TaQZT0t1EtzQ==",
      "license": "MIT"
    },
    "node_modules/pg-int8": {
      "version": "1.0.1",
      "resolved": "https://registry.npmjs.org/pg-int8/-/pg-int8-1.0.1.tgz",
      "integrity": "sha512-WCtabS6t3c8SkpDBUlb1kjOs7l66xsGdKpIPZsg4wR+B3+u9UAum2odSsF9tnvxg80h4ZxLWMy4pRjOsFIqQpw==",
      "license": "ISC",
      "engines": {
        "node": ">=4.0.0"
      }
    },
    "node_modules/pg-pool": {
      "version": "3.11.0",
      "resolved": "https://registry.npmjs.org/pg-pool/-/pg-pool-3.11.0.tgz",
      "integrity": "sha512-MJYfvHwtGp870aeusDh+hg9apvOe2zmpZJpyt+BMtzUWlVqbhFmMK6bOBXLBUPd7iRtIF9fZplDc7KrPN3PN7w==",
      "license": "MIT",
      "peerDependencies": {
        "pg": ">=8.0"
      }
    },
    "node_modules/pg-protocol": {
      "version": "1.11.0",
      "resolved": "https://registry.npmjs.org/pg-protocol/-/pg-protocol-1.11.0.tgz",
      "integrity": "sha512-pfsxk2M9M3BuGgDOfuy37VNRRX3jmKgMjcvAcWqNDpZSf4cUmv8HSOl5ViRQFsfARFn0KuUQTgLxVMbNq5NW3g==",
      "license": "MIT"
    },
    "node_modules/pg-types": {
      "version": "2.2.0",
      "resolved": "https://registry.npmjs.org/pg-types/-/pg-types-2.2.0.tgz",
      "integrity": "sha512-qTAAlrEsl8s4OiEQY69wDvcMIdQN6wdz5ojQiOy6YRMuynxenON0O5oCpJI6lshc6scgAY8qvJ2On/p+CXY0GA==",
      "license": "MIT",
      "dependencies": {
        "pg-int8": "1.0.1",
        "postgres-array": "~2.0.0",
        "postgres-bytea": "~1.0.0",
        "postgres-date": "~1.0.4",
        "postgres-interval": "^1.1.0"
      },
      "engines": {
        "node": ">=4"
      }
    },
    "node_modules/pgpass": {
      "version": "1.0.5",
      "resolved": "https://registry.npmjs.org/pgpass/-/pgpass-1.0.5.tgz",
      "integrity": "sha512-FdW9r/jQZhSeohs1Z3sI1yxFQNFvMcnmfuj4WBMUTxOrAyLMaTcE1aAMBiTlbMNaXvBCQuVi0R7hd8udDSP7ug==",
      "license": "MIT",
      "dependencies": {
        "split2": "^4.1.0"
      }
    },
    "node_modules/postgres-array": {
      "version": "2.0.0",
      "resolved": "https://registry.npmjs.org/postgres-array/-/postgres-array-2.0.0.tgz",
      "integrity": "sha512-VpZrUqU5A69eQyW2c5CA1jtLecCsN2U/bD6VilrFDWq5+5UIEVO7nazS3TEcHf1zuPYO/sqGvUvW62g86RXZuA==",
      "license": "MIT",
      "engines": {
        "node": ">=4"
      }
    },
    "node_modules/postgres-bytea": {
      "version": "1.0.1",
      "resolved": "https://registry.npmjs.org/postgres-bytea/-/postgres-bytea-1.0.1.tgz",
      "integrity": "sha512-5+5HqXnsZPE65IJZSMkZtURARZelel2oXUEO8rH83VS/hxH5vv1uHquPg5wZs8yMAfdv971IU+kcPUczi7NVBQ==",
      "license": "MIT",
      "engines": {
        "node": ">=0.10.0"
      }
    },
    "node_modules/postgres-date": {
      "version": "1.0.7",
      "resolved": "https://registry.npmjs.org/postgres-date/-/postgres-date-1.0.7.tgz",
      "integrity": "sha512-suDmjLVQg78nMK2UZ454hAG+OAW+HQPZ6n++TNDUX+L0+uUlLywnoxJKDou51Zm+zTCjrCl0Nq6J9C5hP9vK/Q==",
      "license": "MIT",
      "engines": {
        "node": ">=0.10.0"
      }
    },
    "node_modules/postgres-interval": {
      "version": "1.2.0",
      "resolved": "https://registry.npmjs.org/postgres-interval/-/postgres-interval-1.2.0.tgz",
      "integrity": "sha512-9ZhXKM/rw350N1ovuWHbGxnGh/SNJ4cnxHiM0rxE4VN41wsg8P8zWn9hv/buK00RP4WvlOyr/RBDiptyxVbkZQ==",
      "license": "MIT",
      "dependencies": {
        "xtend": "^4.0.0"
      },
      "engines": {
        "node": ">=0.10.0"
      }
    },
    "node_modules/prebuild-install": {
      "version": "7.1.3",
      "resolved": "https://registry.npmjs.org/prebuild-install/-/prebuild-install-7.1.3.tgz",
      "integrity": "sha512-8Mf2cbV7x1cXPUILADGI3wuhfqWvtiLA1iclTDbFRZkgRQS0NqsPZphna9V+HyTEadheuPmjaJMsbzKQFOzLug==",
      "license": "MIT",
      "dependencies": {
        "detect-libc": "^2.0.0",
        "expand-template": "^2.0.3",
        "github-from-package": "0.0.0",
        "minimist": "^1.2.3",
        "mkdirp-classic": "^0.5.3",
        "napi-build-utils": "^2.0.0",
        "node-abi": "^3.3.0",
        "pump": "^3.0.0",
        "rc": "^1.2.7",
        "simple-get": "^4.0.0",
        "tar-fs": "^2.0.0",
        "tunnel-agent": "^0.6.0"
      },
      "bin": {
        "prebuild-install": "bin.js"
      },
      "engines": {
        "node": ">=10"
      }
    },
    "node_modules/pump": {
      "version": "3.0.3",
      "resolved": "https://registry.npmjs.org/pump/-/pump-3.0.3.tgz",
      "integrity": "sha512-todwxLMY7/heScKmntwQG8CXVkWUOdYxIvY2s0VWAAMh/nd8SoYiRaKjlr7+iCs984f2P8zvrfWcDDYVb73NfA==",
      "license": "MIT",
      "dependencies": {
        "end-of-stream": "^1.1.0",
        "once": "^1.3.1"
      }
    },
    "node_modules/punycode": {
      "version": "2.3.1",
      "resolved": "https://registry.npmjs.org/punycode/-/punycode-2.3.1.tgz",
      "integrity": "sha512-vYt7UD1U9Wg6138shLtLOvdAu+8DsC/ilFtEVHcH+wydcSpNE20AfSOduf6MkRFahL5FY7X1oU7nKVZFtfq8Fg==",
      "license": "MIT",
      "engines": {
        "node": ">=6"
      }
    },
    "node_modules/rc": {
      "version": "1.2.8",
      "resolved": "https://registry.npmjs.org/rc/-/rc-1.2.8.tgz",
      "integrity": "sha512-y3bGgqKj3QBdxLbLkomlohkvsA8gdAiUQlSBJnBhfn+BPxg4bc62d8TcBW15wavDfgexCgccckhcZvywyQYPOw==",
      "license": "(BSD-2-Clause OR MIT OR Apache-2.0)",
      "dependencies": {
        "deep-extend": "^0.6.0",
        "ini": "~1.3.0",
        "minimist": "^1.2.0",
        "strip-json-comments": "~2.0.1"
      },
      "bin": {
        "rc": "cli.js"
      }
    },
    "node_modules/readable-stream": {
      "version": "3.6.2",
      "resolved": "https://registry.npmjs.org/readable-stream/-/readable-stream-3.6.2.tgz",
      "integrity": "sha512-9u/sniCrY3D5WdsERHzHE4G2YCXqoG5FTHUiCC4SIbr6XcLZBY05ya9EKjYek9O5xOAwjGq+1JdGBAS7Q9ScoA==",
      "license": "MIT",
      "dependencies": {
        "inherits": "^2.0.3",
        "string_decoder": "^1.1.1",
        "util-deprecate": "^1.0.1"
      },
      "engines": {
        "node": ">= 6"
      }
    },
    "node_modules/redis": {
      "version": "4.7.1",
      "resolved": "https://registry.npmjs.org/redis/-/redis-4.7.1.tgz",
      "integrity": "sha512-S1bJDnqLftzHXHP8JsT5II/CtHWQrASX5K96REjWjlmWKrviSOLWmM7QnRLstAWsu1VBBV1ffV6DzCvxNP0UJQ==",
      "license": "MIT",
      "workspaces": [
        "./packages/*"
      ],
      "dependencies": {
        "@redis/bloom": "1.2.0",
        "@redis/client": "1.6.1",
        "@redis/graph": "1.1.1",
        "@redis/json": "1.0.7",
        "@redis/search": "1.2.0",
        "@redis/time-series": "1.1.0"
      }
    },
    "node_modules/safe-buffer": {
      "version": "5.2.1",
      "resolved": "https://registry.npmjs.org/safe-buffer/-/safe-buffer-5.2.1.tgz",
      "integrity": "sha512-rp3So07KcdmmKbGvgaNxQSJr7bGVSVk5S9Eq1F+ppbRo70+YeaDxkw5Dd8NPN+GD6bjnYm2VuPuCXmpuYvmCXQ==",
      "funding": [
        {
          "type": "github",
          "url": "https://github.com/sponsors/feross"
        },
        {
          "type": "patreon",
          "url": "https://www.patreon.com/feross"
        },
        {
          "type": "consulting",
          "url": "https://feross.org/support"
        }
      ],
      "license": "MIT"
    },
    "node_modules/safer-buffer": {
      "version": "2.1.2",
      "resolved": "https://registry.npmjs.org/safer-buffer/-/safer-buffer-2.1.2.tgz",
      "integrity": "sha512-YZo3K82SD7Riyi0E1EQPojLz7kpepnSQI9IyPbHHg1XXXevb5dJI7tpyN2ADxGcQbHG7vcyRHk0cbwqcQriUtg==",
      "license": "MIT"
    },
    "node_modules/semver": {
      "version": "7.7.4",
      "resolved": "https://registry.npmjs.org/semver/-/semver-7.7.4.tgz",
      "integrity": "sha512-vFKC2IEtQnVhpT78h1Yp8wzwrf8CM+MzKMHGJZfBtzhZNycRFnXsHk6E5TxIkkMsgNS7mdX3AGB7x2QM2di4lA==",
      "license": "ISC",
      "bin": {
        "semver": "bin/semver.js"
      },
      "engines": {
        "node": ">=10"
      }
    },
    "node_modules/seq-queue": {
      "version": "0.0.5",
      "resolved": "https://registry.npmjs.org/seq-queue/-/seq-queue-0.0.5.tgz",
      "integrity": "sha512-hr3Wtp/GZIc/6DAGPDcV4/9WoZhjrkXsi5B/07QgX8tsdc6ilr7BFM6PM6rbdAX1kFSDYeZGLipIZZKyQP0O5Q=="
    },
    "node_modules/simple-concat": {
      "version": "1.0.1",
      "resolved": "https://registry.npmjs.org/simple-concat/-/simple-concat-1.0.1.tgz",
      "integrity": "sha512-cSFtAPtRhljv69IK0hTVZQ+OfE9nePi/rtJmw5UjHeVyVroEqJXP1sFztKUy1qU+xvz3u/sfYJLa947b7nAN2Q==",
      "funding": [
        {
          "type": "github",
          "url": "https://github.com/sponsors/feross"
        },
        {
          "type": "patreon",
          "url": "https://www.patreon.com/feross"
        },
        {
          "type": "consulting",
          "url": "https://feross.org/support"
        }
      ],
      "license": "MIT"
    },
    "node_modules/simple-get": {
      "version": "4.0.1",
      "resolved": "https://registry.npmjs.org/simple-get/-/simple-get-4.0.1.tgz",
      "integrity": "sha512-brv7p5WgH0jmQJr1ZDDfKDOSeWWg+OVypG99A/5vYGPqJ6pxiaHLy8nxtFjBA7oMa01ebA9gfh1uMCFqOuXxvA==",
      "funding": [
        {
          "type": "github",
          "url": "https://github.com/sponsors/feross"
        },
        {
          "type": "patreon",
          "url": "https://www.patreon.com/feross"
        },
        {
          "type": "consulting",
          "url": "https://feross.org/support"
        }
      ],
      "license": "MIT",
      "dependencies": {
        "decompress-response": "^6.0.0",
        "once": "^1.3.1",
        "simple-concat": "^1.0.0"
      }
    },
    "node_modules/sparse-bitfield": {
      "version": "3.0.3",
      "resolved": "https://registry.npmjs.org/sparse-bitfield/-/sparse-bitfield-3.0.3.tgz",
      "integrity": "sha512-kvzhi7vqKTfkh0PZU+2D2PIllw2ymqJKujUcyPMd9Y75Nv4nPbGJZXNhxsgdQab2BmlDct1YnfQCguEvHr7VsQ==",
      "license": "MIT",
      "dependencies": {
        "memory-pager": "^1.0.2"
      }
    },
    "node_modules/split2": {
      "version": "4.2.0",
      "resolved": "https://registry.npmjs.org/split2/-/split2-4.2.0.tgz",
      "integrity": "sha512-UcjcJOWknrNkF6PLX83qcHM6KHgVKNkV62Y8a5uYDVv9ydGQVwAHMKqHdJje1VTWpljG0WYpCDhrCdAOYH4TWg==",
      "license": "ISC",
      "engines": {
        "node": ">= 10.x"
      }
    },
    "node_modules/sql-escaper": {
      "version": "1.3.2",
      "resolved": "https://registry.npmjs.org/sql-escaper/-/sql-escaper-1.3.2.tgz",
      "integrity": "sha512-lp+ZDVfSjHt+qAK1jXBTIXBNYnbo7gnaAGwoYTH9bE89kNkXwcu6g0WjJGRsdTKVpY1z70u3Y0IgmnBOoRybHw==",
      "license": "MIT",
      "engines": {
        "bun": ">=1.0.0",
        "deno": ">=2.0.0",
        "node": ">=12.0.0"
      },
      "funding": {
        "type": "github",
        "url": "https://github.com/mysqljs/sql-escaper?sponsor=1"
      }
    },
    "node_modules/string_decoder": {
      "version": "1.3.0",
      "resolved": "https://registry.npmjs.org/string_decoder/-/string_decoder-1.3.0.tgz",
      "integrity": "sha512-hkRX8U1WjJFd8LsDJ2yQ/wWWxaopEsABU1XfkM8A+j0+85JAGppt16cr1Whg6KIbb4okU6Mql6BOj+uup/wKeA==",
      "license": "MIT",
      "dependencies": {
        "safe-buffer": "~5.2.0"
      }
    },
    "node_modules/strip-json-comments": {
      "version": "2.0.1",
      "resolved": "https://registry.npmjs.org/strip-json-comments/-/strip-json-comments-2.0.1.tgz",
      "integrity": "sha512-4gB8na07fecVVkOI6Rs4e7T6NOTki5EmL7TUduTs6bu3EdnSycntVJ4re8kgZA+wx9IueI2Y11bfbgwtzuE0KQ==",
      "license": "MIT",
      "engines": {
        "node": ">=0.10.0"
      }
    },
    "node_modules/tar-fs": {
      "version": "2.1.4",
      "resolved": "https://registry.npmjs.org/tar-fs/-/tar-fs-2.1.4.tgz",
      "integrity": "sha512-mDAjwmZdh7LTT6pNleZ05Yt65HC3E+NiQzl672vQG38jIrehtJk/J3mNwIg+vShQPcLF/LV7CMnDW6vjj6sfYQ==",
      "license": "MIT",
      "dependencies": {
        "chownr": "^1.1.1",
        "mkdirp-classic": "^0.5.2",
        "pump": "^3.0.0",
        "tar-stream": "^2.1.4"
      }
    },
    "node_modules/tar-stream": {
      "version": "2.2.0",
      "resolved": "https://registry.npmjs.org/tar-stream/-/tar-stream-2.2.0.tgz",
      "integrity": "sha512-ujeqbceABgwMZxEJnk2HDY2DlnUZ+9oEcb1KzTVfYHio0UE6dG71n60d8D2I4qNvleWrrXpmjpt7vZeF1LnMZQ==",
      "license": "MIT",
      "dependencies": {
        "bl": "^4.0.3",
        "end-of-stream": "^1.4.1",
        "fs-constants": "^1.0.0",
        "inherits": "^2.0.3",
        "readable-stream": "^3.1.1"
      },
      "engines": {
        "node": ">=6"
      }
    },
    "node_modules/tr46": {
      "version": "5.1.1",
      "resolved": "https://registry.npmjs.org/tr46/-/tr46-5.1.1.tgz",
      "integrity": "sha512-hdF5ZgjTqgAntKkklYw0R03MG2x/bSzTtkxmIRw/sTNV8YXsCJ1tfLAX23lhxhHJlEf3CRCOCGGWw3vI3GaSPw==",
      "license": "MIT",
      "dependencies": {
        "punycode": "^2.3.1"
      },
      "engines": {
        "node": ">=18"
      }
    },
    "node_modules/tunnel-agent": {
      "version": "0.6.0",
      "resolved": "https://registry.npmjs.org/tunnel-agent/-/tunnel-agent-0.6.0.tgz",
      "integrity": "sha512-McnNiV1l8RYeY8tBgEpuodCC1mLUdbSN+CYBL7kJsJNInOP8UjDDEwdk6Mw60vdLLrr5NHKZhMAOSrR2NZuQ+w==",
      "license": "Apache-2.0",
      "dependencies": {
        "safe-buffer": "^5.0.1"
      },
      "engines": {
        "node": "*"
      }
    },
    "node_modules/util-deprecate": {
      "version": "1.0.2",
      "resolved": "https://registry.npmjs.org/util-deprecate/-/util-deprecate-1.0.2.tgz",
      "integrity": "sha512-EPD5q1uXyFxJpCrLnCc1nHnq3gOa6DZBocAIiI2TaSCA7VCJ1UJDMagCzIkXNsUYfD1daK//LTEQ8xiIbrHtcw==",
      "license": "MIT"
    },
    "node_modules/webidl-conversions": {
      "version": "7.0.0",
      "resolved": "https://registry.npmjs.org/webidl-conversions/-/webidl-conversions-7.0.0.tgz",
      "integrity": "sha512-VwddBukDzu71offAQR975unBIGqfKZpM+8ZX6ySk8nYhVoo5CYaZyzt3YBvYtRtO+aoGlqxPg/B87NGVZ/fu6g==",
      "license": "BSD-2-Clause",
      "engines": {
        "node": ">=12"
      }
    },
    "node_modules/whatwg-url": {
      "version": "14.2.0",
      "resolved": "https://registry.npmjs.org/whatwg-url/-/whatwg-url-14.2.0.tgz",
      "integrity": "sha512-De72GdQZzNTUBBChsXueQUnPKDkg/5A5zp7pFDuQAj5UFoENpiACU0wlCvzpAGnTkj++ihpKwKyYewn/XNUbKw==",
      "license": "MIT",
      "dependencies": {
        "tr46": "^5.1.0",
        "webidl-conversions": "^7.0.0"
      },
      "engines": {
        "node": ">=18"
      }
    },
    "node_modules/wrappy": {
      "version": "1.0.2",
      "resolved": "https://registry.npmjs.org/wrappy/-/wrappy-1.0.2.tgz",
      "integrity": "sha512-l4Sp/DRseor9wL6EvV2+TuQn63dMkPjZ/sp9XkghTEbV9KlPS1xUsZ3u7/IQO4wxtcFB4bgpQPRcR3QCvezPcQ==",
      "license": "ISC"
    },
    "node_modules/xtend": {
      "version": "4.0.2",
      "resolved": "https://registry.npmjs.org/xtend/-/xtend-4.0.2.tgz",
      "integrity": "sha512-LKYU1iAXJXUgAXn9URjiu+MWhyUXHsvfp7mcuYm9dSUKK0/CjtrUwFAxD82/mCWbtLsGjFIad0wIsod4zrTAEQ==",
      "license": "MIT",
      "engines": {
        "node": ">=0.4"
      }
    },
    "node_modules/yallist": {
      "version": "4.0.0",
      "resolved": "https://registry.npmjs.org/yallist/-/yallist-4.0.0.tgz",
      "integrity": "sha512-3wdGidZyq5PB084XLES5TpOSRA3wjXAlIWMhum2kRcv/41Sn2emQ0dycQW4uZXLejwKvg6EsvbdlVL+FYEct7A==",
      "license": "ISC"
    }
  }
}
