{
  "name": "loop-skills-web",
  "version": "1.0.0",
  "lockfileVersion": 3,
  "requires": true,
  "packages": {
    "": {
      "name": "loop-skills-web",
      "version": "1.0.0",
      "dependencies": {
        "parallel-web": "^0.3.1"
      }
    },
    "node_modules/parallel-web": {
      "version": "0.3.1",
      "resolved": "https://registry.npmjs.org/parallel-web/-/parallel-web-0.3.1.tgz",
      "integrity": "sha512-1yLiqdjFFhwgZUV2qOLTvu36A3wiCld8/Y8Zu1FsGk6y4ov4cZPhXNGafjDkM68aFc1c5KVB9ZYpkJZZ/mZW/w==",
      "license": "MIT"
    }
  }
}
